// !$*UTF8*$!
{
	archiveVersion = 1;
	classes = {
	};
	objectVersion = 56;
	objects = {

/* Begin PBXBuildFile section */
		BC25CB992A7BFC9B00F306C6 /* ContentViewModel.swift in Sources */ = {isa = PBXBuildFile; fileRef = BC25CB982A7BFC9B00F306C6 /* ContentViewModel.swift */; };
		BC25CB9B2A7C063600F306C6 /* UserService.swift in Sources */ = {isa = PBXBuildFile; fileRef = BC25CB9A2A7C063600F306C6 /* UserService.swift */; };
		BC25CB9F2A7C07E300F306C6 /* InboxViewModel.swift in Sources */ = {isa = PBXBuildFile; fileRef = BC25CB9E2A7C07E300F306C6 /* InboxViewModel.swift */; };
		BC25CBA32A7C0C8700F306C6 /* NewMessageViewModel.swift in Sources */ = {isa = PBXBuildFile; fileRef = BC25CBA22A7C0C8700F306C6 /* NewMessageViewModel.swift */; };
		BCA0C4C62A7AB82B008B51A6 /* User.swift in Sources */ = {isa = PBXBuildFile; fileRef = BCA0C4C52A7AB82B008B51A6 /* User.swift */; };
		BCA0C4C92A7ABAA5008B51A6 /* CircularProfileImageView.swift in Sources */ = {isa = PBXBuildFile; fileRef = BCA0C4C82A7ABAA5008B51A6 /* CircularProfileImageView.swift */; };
		BCA0C4CD2A7ABE74008B51A6 /* ChatView.swift in Sources */ = {isa = PBXBuildFile; fileRef = BCA0C4CC2A7ABE74008B51A6 /* ChatView.swift */; };
		BCA0C4CF2A7AC069008B51A6 /* ChatMessageCell.swift in Sources */ = {isa = PBXBuildFile; fileRef = BCA0C4CE2A7AC069008B51A6 /* ChatMessageCell.swift */; };
		BCA0C4D12A7AC2BF008B51A6 /* ChatBubble.swift in Sources */ = {isa = PBXBuildFile; fileRef = BCA0C4D02A7AC2BF008B51A6 /* ChatBubble.swift */; };
		BCB8CA562A7BF2A20018D301 /* GoogleService-Info.plist in Resources */ = {isa = PBXBuildFile; fileRef = BCB8CA552A7BF2A20018D301 /* GoogleService-Info.plist */; };
		BCB8CA592A7BF3480018D301 /* FirebaseAuth in Frameworks */ = {isa = PBXBuildFile; productRef = BCB8CA582A7BF3480018D301 /* FirebaseAuth */; };
		BCB8CA5B2A7BF3480018D301 /* FirebaseFirestore in Frameworks */ = {isa = PBXBuildFile; productRef = BCB8CA5A2A7BF3480018D301 /* FirebaseFirestore */; };
		BCB8CA5D2A7BF3480018D301 /* FirebaseFirestoreSwift in Frameworks */ = {isa = PBXBuildFile; productRef = BCB8CA5C2A7BF3480018D301 /* FirebaseFirestoreSwift */; };
		BCB8CA5F2A7BF3480018D301 /* FirebaseStorage in Frameworks */ = {isa = PBXBuildFile; productRef = BCB8CA5E2A7BF3480018D301 /* FirebaseStorage */; };
		BCB8CA632A7BF4110018D301 /* SignInViewModel.swift in Sources */ = {isa = PBXBuildFile; fileRef = BCB8CA622A7BF4110018D301 /* SignInViewModel.swift */; };
		BCB8CA652A7BF4370018D301 /* SignUpViewModel.swift in Sources */ = {isa = PBXBuildFile; fileRef = BCB8CA642A7BF4370018D301 /* SignUpViewModel.swift */; };
		BCB8CA672A7BF4600018D301 /* AuthService.swift in Sources */ = {isa = PBXBuildFile; fileRef = BCB8CA662A7BF4600018D301 /* AuthService.swift */; };
		BCD6CD412A7D4DF800483A3A /* Message.swift in Sources */ = {isa = PBXBuildFile; fileRef = BCD6CD402A7D4DF800483A3A /* Message.swift */; };
		BCD6CD432A7D4EF100483A3A /* MessageService.swift in Sources */ = {isa = PBXBuildFile; fileRef = BCD6CD422A7D4EF100483A3A /* MessageService.swift */; };
		BCD6CD472A7D516300483A3A /* ChatViewModel.swift in Sources */ = {isa = PBXBuildFile; fileRef = BCD6CD462A7D516300483A3A /* ChatViewModel.swift */; };
		BCEC85702A780D5A00CBDB69 /* MessengerCloneApp.swift in Sources */ = {isa = PBXBuildFile; fileRef = BCEC856F2A780D5A00CBDB69 /* MessengerCloneApp.swift */; };
		BCEC85722A780D5A00CBDB69 /* ContentView.swift in Sources */ = {isa = PBXBuildFile; fileRef = BCEC85712A780D5A00CBDB69 /* ContentView.swift */; };
		BCEC85742A780D5B00CBDB69 /* Assets.xcassets in Resources */ = {isa = PBXBuildFile; fileRef = BCEC85732A780D5B00CBDB69 /* Assets.xcassets */; };
		BCEC85772A780D5B00CBDB69 /* Preview Assets.xcassets in Resources */ = {isa = PBXBuildFile; fileRef = BCEC85762A780D5B00CBDB69 /* Preview Assets.xcassets */; };
		BCEC85862A780E7D00CBDB69 /* SignInView.swift in Sources */ = {isa = PBXBuildFile; fileRef = BCEC85852A780E7D00CBDB69 /* SignInView.swift */; };
		BCEC85882A7814E000CBDB69 /* SignUpView.swift in Sources */ = {isa = PBXBuildFile; fileRef = BCEC85872A7814E000CBDB69 /* SignUpView.swift */; };
		BCEC858B2A7819E200CBDB69 /* InboxView.swift in Sources */ = {isa = PBXBuildFile; fileRef = BCEC858A2A7819E200CBDB69 /* InboxView.swift */; };
		BCEC858E2A781BF100CBDB69 /* ActiveNowView.swift in Sources */ = {isa = PBXBuildFile; fileRef = BCEC858D2A781BF100CBDB69 /* ActiveNowView.swift */; };
		BCEC85912A781ED800CBDB69 /* InboxRowView.swift in Sources */ = {isa = PBXBuildFile; fileRef = BCEC85902A781ED800CBDB69 /* InboxRowView.swift */; };
		BCEC85952A7828D000CBDB69 /* NewMessageView.swift in Sources */ = {isa = PBXBuildFile; fileRef = BCEC85942A7828D000CBDB69 /* NewMessageView.swift */; };
		BCEC859A2A782C3F00CBDB69 /* ProfileView.swift in Sources */ = {isa = PBXBuildFile; fileRef = BCEC85992A782C3F00CBDB69 /* ProfileView.swift */; };
		BCEC859C2A782D9100CBDB69 /* SettingsOptionsViewModel.swift in Sources */ = {isa = PBXBuildFile; fileRef = BCEC859B2A782D9100CBDB69 /* SettingsOptionsViewModel.swift */; };
		BCEC859E2A78313400CBDB69 /* ProfileViewModel.swift in Sources */ = {isa = PBXBuildFile; fileRef = BCEC859D2A78313400CBDB69 /* ProfileViewModel.swift */; };
/* End PBXBuildFile section */

/* Begin PBXFileReference section */
		BC25CB982A7BFC9B00F306C6 /* ContentViewModel.swift */ = {isa = PBXFileReference; lastKnownFileType = sourcecode.swift; path = ContentViewModel.swift; sourceTree = "<group>"; };
		BC25CB9A2A7C063600F306C6 /* UserService.swift */ = {isa = PBXFileReference; lastKnownFileType = sourcecode.swift; path = UserService.swift; sourceTree = "<group>"; };
		BC25CB9E2A7C07E300F306C6 /* InboxViewModel.swift */ = {isa = PBXFileReference; lastKnownFileType = sourcecode.swift; path = InboxViewModel.swift; sourceTree = "<group>"; };
		BC25CBA22A7C0C8700F306C6 /* NewMessageViewModel.swift */ = {isa = PBXFileReference; lastKnownFileType = sourcecode.swift; path = NewMessageViewModel.swift; sourceTree = "<group>"; };
		BCA0C4C52A7AB82B008B51A6 /* User.swift */ = {isa = PBXFileReference; lastKnownFileType = sourcecode.swift; path = User.swift; sourceTree = "<group>"; };
		BCA0C4C82A7ABAA5008B51A6 /* CircularProfileImageView.swift */ = {isa = PBXFileReference; lastKnownFileType = sourcecode.swift; path = CircularProfileImageView.swift; sourceTree = "<group>"; };
		BCA0C4CC2A7ABE74008B51A6 /* ChatView.swift */ = {isa = PBXFileReference; lastKnownFileType = sourcecode.swift; path = ChatView.swift; sourceTree = "<group>"; };
		BCA0C4CE2A7AC069008B51A6 /* ChatMessageCell.swift */ = {isa = PBXFileReference; lastKnownFileType = sourcecode.swift; path = ChatMessageCell.swift; sourceTree = "<group>"; };
		BCA0C4D02A7AC2BF008B51A6 /* ChatBubble.swift */ = {isa = PBXFileReference; lastKnownFileType = sourcecode.swift; path = ChatBubble.swift; sourceTree = "<group>"; };
		BCB8CA552A7BF2A20018D301 /* GoogleService-Info.plist */ = {isa = PBXFileReference; fileEncoding = 4; lastKnownFileType = text.plist.xml; path = "GoogleService-Info.plist"; sourceTree = "<group>"; };
		BCB8CA622A7BF4110018D301 /* SignInViewModel.swift */ = {isa = PBXFileReference; lastKnownFileType = sourcecode.swift; path = SignInViewModel.swift; sourceTree = "<group>"; };
		BCB8CA642A7BF4370018D301 /* SignUpViewModel.swift */ = {isa = PBXFileReference; lastKnownFileType = sourcecode.swift; path = SignUpViewModel.swift; sourceTree = "<group>"; };
		BCB8CA662A7BF4600018D301 /* AuthService.swift */ = {isa = PBXFileReference; lastKnownFileType = sourcecode.swift; path = AuthService.swift; sourceTree = "<group>"; };
		BCD6CD402A7D4DF800483A3A /* Message.swift */ = {isa = PBXFileReference; lastKnownFileType = sourcecode.swift; path = Message.swift; sourceTree = "<group>"; };
		BCD6CD422A7D4EF100483A3A /* MessageService.swift */ = {isa = PBXFileReference; lastKnownFileType = sourcecode.swift; path = MessageService.swift; sourceTree = "<group>"; };
		BCD6CD462A7D516300483A3A /* ChatViewModel.swift */ = {isa = PBXFileReference; lastKnownFileType = sourcecode.swift; path = ChatViewModel.swift; sourceTree = "<group>"; };
		BCEC856C2A780D5A00CBDB69 /* MessengerClone.app */ = {isa = PBXFileReference; explicitFileType = wrapper.application; includeInIndex = 0; path = MessengerClone.app; sourceTree = BUILT_PRODUCTS_DIR; };
		BCEC856F2A780D5A00CBDB69 /* MessengerCloneApp.swift */ = {isa = PBXFileReference; lastKnownFileType = sourcecode.swift; path = MessengerCloneApp.swift; sourceTree = "<group>"; };
		BCEC85712A780D5A00CBDB69 /* ContentView.swift */ = {isa = PBXFileReference; lastKnownFileType = sourcecode.swift; path = ContentView.swift; sourceTree = "<group>"; };
		BCEC85732A780D5B00CBDB69 /* Assets.xcassets */ = {isa = PBXFileReference; lastKnownFileType = folder.assetcatalog; path = Assets.xcassets; sourceTree = "<group>"; };
		BCEC85762A780D5B00CBDB69 /* Preview Assets.xcassets */ = {isa = PBXFileReference; lastKnownFileType = folder.assetcatalog; path = "Preview Assets.xcassets"; sourceTree = "<group>"; };
		BCEC85852A780E7D00CBDB69 /* SignInView.swift */ = {isa = PBXFileReference; lastKnownFileType = sourcecode.swift; path = SignInView.swift; sourceTree = "<group>"; };
		BCEC85872A7814E000CBDB69 /* SignUpView.swift */ = {isa = PBXFileReference; lastKnownFileType = sourcecode.swift; path = SignUpView.swift; sourceTree = "<group>"; };
		BCEC858A2A7819E200CBDB69 /* InboxView.swift */ = {isa = PBXFileReference; lastKnownFileType = sourcecode.swift; path = InboxView.swift; sourceTree = "<group>"; };
		BCEC858D2A781BF100CBDB69 /* ActiveNowView.swift */ = {isa = PBXFileReference; lastKnownFileType = sourcecode.swift; path = ActiveNowView.swift; sourceTree = "<group>"; };
		BCEC85902A781ED800CBDB69 /* InboxRowView.swift */ = {isa = PBXFileReference; lastKnownFileType = sourcecode.swift; path = InboxRowView.swift; sourceTree = "<group>"; };
		BCEC85942A7828D000CBDB69 /* NewMessageView.swift */ = {isa = PBXFileReference; lastKnownFileType = sourcecode.swift; path = NewMessageView.swift; sourceTree = "<group>"; };
		BCEC85992A782C3F00CBDB69 /* ProfileView.swift */ = {isa = PBXFileReference; lastKnownFileType = sourcecode.swift; path = ProfileView.swift; sourceTree = "<group>"; };
		BCEC859B2A782D9100CBDB69 /* SettingsOptionsViewModel.swift */ = {isa = PBXFileReference; lastKnownFileType = sourcecode.swift; path = SettingsOptionsViewModel.swift; sourceTree = "<group>"; };
		BCEC859D2A78313400CBDB69 /* ProfileViewModel.swift */ = {isa = PBXFileReference; lastKnownFileType = sourcecode.swift; path = ProfileViewModel.swift; sourceTree = "<group>"; };
/* End PBXFileReference section */

/* Begin PBXFrameworksBuildPhase section */
		BCEC85692A780D5A00CBDB69 /* Frameworks */ = {
			isa = PBXFrameworksBuildPhase;
			buildActionMask = 2147483647;
			files = (
				BCB8CA592A7BF3480018D301 /* FirebaseAuth in Frameworks */,
				BCB8CA5F2A7BF3480018D301 /* FirebaseStorage in Frameworks */,
				BCB8CA5B2A7BF3480018D301 /* FirebaseFirestore in Frameworks */,
				BCB8CA5D2A7BF3480018D301 /* FirebaseFirestoreSwift in Frameworks */,
			);
			runOnlyForDeploymentPostprocessing = 0;
		};
/* End PBXFrameworksBuildPhase section */

/* Begin PBXGroup section */
		BC25CB962A7BFC8200F306C6 /* View */ = {
			isa = PBXGroup;
			children = (
				BCEC85712A780D5A00CBDB69 /* ContentView.swift */,
			);
			path = View;
			sourceTree = "<group>";
		};
		BC25CB972A7BFC8600F306C6 /* ViewModel */ = {
			isa = PBXGroup;
			children = (
				BC25CB982A7BFC9B00F306C6 /* ContentViewModel.swift */,
			);
			path = ViewModel;
			sourceTree = "<group>";
		};
		BC25CB9C2A7C07C900F306C6 /* Views */ = {
			isa = PBXGroup;
			children = (
				BCEC858A2A7819E200CBDB69 /* InboxView.swift */,
				BCEC85902A781ED800CBDB69 /* InboxRowView.swift */,
			);
			path = Views;
			sourceTree = "<group>";
		};
		BC25CB9D2A7C07CD00F306C6 /* ViewModels */ = {
			isa = PBXGroup;
			children = (
				BC25CB9E2A7C07E300F306C6 /* InboxViewModel.swift */,
			);
			path = ViewModels;
			sourceTree = "<group>";
		};
		BC25CBA02A7C0C6B00F306C6 /* Views */ = {
			isa = PBXGroup;
			children = (
				BCEC85942A7828D000CBDB69 /* NewMessageView.swift */,
			);
			path = Views;
			sourceTree = "<group>";
		};
		BC25CBA12A7C0C6E00F306C6 /* ViewModels */ = {
			isa = PBXGroup;
			children = (
				BC25CBA22A7C0C8700F306C6 /* NewMessageViewModel.swift */,
			);
			path = ViewModels;
			sourceTree = "<group>";
		};
		BCA0C4C72A7ABA86008B51A6 /* Components */ = {
			isa = PBXGroup;
			children = (
				BCA0C4C82A7ABAA5008B51A6 /* CircularProfileImageView.swift */,
			);
			path = Components;
			sourceTree = "<group>";
		};
		BCA0C4CA2A7ABE5B008B51A6 /* Chat */ = {
			isa = PBXGroup;
			children = (
				BCD6CD452A7D514E00483A3A /* ViewModels */,
				BCD6CD442A7D514C00483A3A /* Views */,
			);
			path = Chat;
			sourceTree = "<group>";
		};
		BCB8CA602A7BF3FB0018D301 /* Service */ = {
			isa = PBXGroup;
			children = (
				BCB8CA662A7BF4600018D301 /* AuthService.swift */,
			);
			path = Service;
			sourceTree = "<group>";
		};
		BCB8CA612A7BF4030018D301 /* ViewModels */ = {
			isa = PBXGroup;
			children = (
				BCB8CA622A7BF4110018D301 /* SignInViewModel.swift */,
				BCB8CA642A7BF4370018D301 /* SignUpViewModel.swift */,
			);
			path = ViewModels;
			sourceTree = "<group>";
		};
		BCD6CD442A7D514C00483A3A /* Views */ = {
			isa = PBXGroup;
			children = (
				BCA0C4CC2A7ABE74008B51A6 /* ChatView.swift */,
				BCA0C4CE2A7AC069008B51A6 /* ChatMessageCell.swift */,
				BCA0C4D02A7AC2BF008B51A6 /* ChatBubble.swift */,
			);
			path = Views;
			sourceTree = "<group>";
		};
		BCD6CD452A7D514E00483A3A /* ViewModels */ = {
			isa = PBXGroup;
			children = (
				BCD6CD462A7D516300483A3A /* ChatViewModel.swift */,
			);
			path = ViewModels;
			sourceTree = "<group>";
		};
		BCEC85632A780D5A00CBDB69 = {
			isa = PBXGroup;
			children = (
				BCEC856E2A780D5A00CBDB69 /* MessengerClone */,
				BCEC856D2A780D5A00CBDB69 /* Products */,
			);
			sourceTree = "<group>";
		};
		BCEC856D2A780D5A00CBDB69 /* Products */ = {
			isa = PBXGroup;
			children = (
				BCEC856C2A780D5A00CBDB69 /* MessengerClone.app */,
			);
			name = Products;
			sourceTree = "<group>";
		};
		BCEC856E2A780D5A00CBDB69 /* MessengerClone */ = {
			isa = PBXGroup;
			children = (
				BCEC85812A780E1E00CBDB69 /* App */,
				BCEC85802A780E1400CBDB69 /* Extensions */,
				BCEC857F2A780E1300CBDB69 /* Core */,
				BCEC857D2A780E0D00CBDB69 /* Model */,
				BCEC85822A780E3500CBDB69 /* Service */,
				BCB8CA552A7BF2A20018D301 /* GoogleService-Info.plist */,
				BCEC85732A780D5B00CBDB69 /* Assets.xcassets */,
				BCEC85752A780D5B00CBDB69 /* Preview Content */,
			);
			path = MessengerClone;
			sourceTree = "<group>";
		};
		BCEC85752A780D5B00CBDB69 /* Preview Content */ = {
			isa = PBXGroup;
			children = (
				BCEC85762A780D5B00CBDB69 /* Preview Assets.xcassets */,
			);
			path = "Preview Content";
			sourceTree = "<group>";
		};
		BCEC857D2A780E0D00CBDB69 /* Model */ = {
			isa = PBXGroup;
			children = (
				BCA0C4C52A7AB82B008B51A6 /* User.swift */,
				BCD6CD402A7D4DF800483A3A /* Message.swift */,
			);
			path = Model;
			sourceTree = "<group>";
		};
		BCEC857F2A780E1300CBDB69 /* Core */ = {
			isa = PBXGroup;
			children = (
				BCA0C4C72A7ABA86008B51A6 /* Components */,
				BCEC858C2A781BDE00CBDB69 /* ActiveNow */,
				BCEC85832A780E5B00CBDB69 /* Authentication */,
				BCA0C4CA2A7ABE5B008B51A6 /* Chat */,
				BCEC85892A7819C500CBDB69 /* Inbox */,
				BCEC85962A782BEA00CBDB69 /* Profile */,
				BCEC85922A7827E700CBDB69 /* NewMessage */,
				BCEC85932A78283400CBDB69 /* Root */,
			);
			path = Core;
			sourceTree = "<group>";
		};
		BCEC85802A780E1400CBDB69 /* Extensions */ = {
			isa = PBXGroup;
			children = (
			);
			path = Extensions;
			sourceTree = "<group>";
		};
		BCEC85812A780E1E00CBDB69 /* App */ = {
			isa = PBXGroup;
			children = (
				BCEC856F2A780D5A00CBDB69 /* MessengerCloneApp.swift */,
			);
			path = App;
			sourceTree = "<group>";
		};
		BCEC85822A780E3500CBDB69 /* Service */ = {
			isa = PBXGroup;
			children = (
				BC25CB9A2A7C063600F306C6 /* UserService.swift */,
				BCD6CD422A7D4EF100483A3A /* MessageService.swift */,
			);
			path = Service;
			sourceTree = "<group>";
		};
		BCEC85832A780E5B00CBDB69 /* Authentication */ = {
			isa = PBXGroup;
			children = (
				BCB8CA602A7BF3FB0018D301 /* Service */,
				BCB8CA612A7BF4030018D301 /* ViewModels */,
				BCEC85842A780E6A00CBDB69 /* View */,
			);
			path = Authentication;
			sourceTree = "<group>";
		};
		BCEC85842A780E6A00CBDB69 /* View */ = {
			isa = PBXGroup;
			children = (
				BCEC85852A780E7D00CBDB69 /* SignInView.swift */,
				BCEC85872A7814E000CBDB69 /* SignUpView.swift */,
			);
			path = View;
			sourceTree = "<group>";
		};
		BCEC85892A7819C500CBDB69 /* Inbox */ = {
			isa = PBXGroup;
			children = (
				BC25CB9D2A7C07CD00F306C6 /* ViewModels */,
				BC25CB9C2A7C07C900F306C6 /* Views */,
			);
			path = Inbox;
			sourceTree = "<group>";
		};
		BCEC858C2A781BDE00CBDB69 /* ActiveNow */ = {
			isa = PBXGroup;
			children = (
				BCEC858D2A781BF100CBDB69 /* ActiveNowView.swift */,
			);
			path = ActiveNow;
			sourceTree = "<group>";
		};
		BCEC85922A7827E700CBDB69 /* NewMessage */ = {
			isa = PBXGroup;
			children = (
				BC25CBA12A7C0C6E00F306C6 /* ViewModels */,
				BC25CBA02A7C0C6B00F306C6 /* Views */,
			);
			path = NewMessage;
			sourceTree = "<group>";
		};
		BCEC85932A78283400CBDB69 /* Root */ = {
			isa = PBXGroup;
			children = (
				BC25CB972A7BFC8600F306C6 /* ViewModel */,
				BC25CB962A7BFC8200F306C6 /* View */,
			);
			path = Root;
			sourceTree = "<group>";
		};
		BCEC85962A782BEA00CBDB69 /* Profile */ = {
			isa = PBXGroup;
			children = (
				BCEC85972A782C2800CBDB69 /* View */,
				BCEC85982A782C2C00CBDB69 /* ViewModel */,
			);
			path = Profile;
			sourceTree = "<group>";
		};
		BCEC85972A782C2800CBDB69 /* View */ = {
			isa = PBXGroup;
			children = (
				BCEC85992A782C3F00CBDB69 /* ProfileView.swift */,
			);
			path = View;
			sourceTree = "<group>";
		};
		BCEC85982A782C2C00CBDB69 /* ViewModel */ = {
			isa = PBXGroup;
			children = (
				BCEC859B2A782D9100CBDB69 /* SettingsOptionsViewModel.swift */,
				BCEC859D2A78313400CBDB69 /* ProfileViewModel.swift */,
			);
			path = ViewModel;
			sourceTree = "<group>";
		};
/* End PBXGroup section */

/* Begin PBXNativeTarget section */
		BCEC856B2A780D5A00CBDB69 /* MessengerClone */ = {
			isa = PBXNativeTarget;
			buildConfigurationList = BCEC857A2A780D5B00CBDB69 /* Build configuration list for PBXNativeTarget "MessengerClone" */;
			buildPhases = (
				BCEC85682A780D5A00CBDB69 /* Sources */,
				BCEC85692A780D5A00CBDB69 /* Frameworks */,
				BCEC856A2A780D5A00CBDB69 /* Resources */,
			);
			buildRules = (
			);
			dependencies = (
			);
			name = MessengerClone;
			packageProductDependencies = (
				BCB8CA582A7BF3480018D301 /* FirebaseAuth */,
				BCB8CA5A2A7BF3480018D301 /* FirebaseFirestore */,
				BCB8CA5C2A7BF3480018D301 /* FirebaseFirestoreSwift */,
				BCB8CA5E2A7BF3480018D301 /* FirebaseStorage */,
			);
			productName = MessengerClone;
			productReference = BCEC856C2A780D5A00CBDB69 /* MessengerClone.app */;
			productType = "com.apple.product-type.application";
		};
/* End PBXNativeTarget section */

/* Begin PBXProject section */
		BCEC85642A780D5A00CBDB69 /* Project object */ = {
			isa = PBXProject;
			attributes = {
				BuildIndependentTargetsInParallel = 1;
				LastSwiftUpdateCheck = 1430;
				LastUpgradeCheck = 1430;
				TargetAttributes = {
					BCEC856B2A780D5A00CBDB69 = {
						CreatedOnToolsVersion = 14.3.1;
					};
				};
			};
			buildConfigurationList = BCEC85672A780D5A00CBDB69 /* Build configuration list for PBXProject "MessengerClone" */;
			compatibilityVersion = "Xcode 14.0";
			developmentRegion = en;
			hasScannedForEncodings = 0;
			knownRegions = (
				en,
				Base,
			);
			mainGroup = BCEC85632A780D5A00CBDB69;
			packageReferences = (
				BCB8CA572A7BF3480018D301 /* XCRemoteSwiftPackageReference "firebase-ios-sdk" */,
			);
			productRefGroup = BCEC856D2A780D5A00CBDB69 /* Products */;
			projectDirPath = "";
			projectRoot = "";
			targets = (
				BCEC856B2A780D5A00CBDB69 /* MessengerClone */,
			);
		};
/* End PBXProject section */

/* Begin PBXResourcesBuildPhase section */
		BCEC856A2A780D5A00CBDB69 /* Resources */ = {
			isa = PBXResourcesBuildPhase;
			buildActionMask = 2147483647;
			files = (
				BCEC85772A780D5B00CBDB69 /* Preview Assets.xcassets in Resources */,
				BCEC85742A780D5B00CBDB69 /* Assets.xcassets in Resources */,
				BCB8CA562A7BF2A20018D301 /* GoogleService-Info.plist in Resources */,
			);
			runOnlyForDeploymentPostprocessing = 0;
		};
/* End PBXResourcesBuildPhase section */

/* Begin PBXSourcesBuildPhase section */
		BCEC85682A780D5A00CBDB69 /* Sources */ = {
			isa = PBXSourcesBuildPhase;
			buildActionMask = 2147483647;
			files = (
				BCD6CD472A7D516300483A3A /* ChatViewModel.swift in Sources */,
				BCEC85912A781ED800CBDB69 /* InboxRowView.swift in Sources */,
				BC25CB9F2A7C07E300F306C6 /* InboxViewModel.swift in Sources */,
				BCEC859A2A782C3F00CBDB69 /* ProfileView.swift in Sources */,
				BCEC85952A7828D000CBDB69 /* NewMessageView.swift in Sources */,
				BCEC85882A7814E000CBDB69 /* SignUpView.swift in Sources */,
				BC25CB992A7BFC9B00F306C6 /* ContentViewModel.swift in Sources */,
				BCB8CA652A7BF4370018D301 /* SignUpViewModel.swift in Sources */,
				BCA0C4CD2A7ABE74008B51A6 /* ChatView.swift in Sources */,
				BCB8CA672A7BF4600018D301 /* AuthService.swift in Sources */,
				BCEC85862A780E7D00CBDB69 /* SignInView.swift in Sources */,
				BCA0C4CF2A7AC069008B51A6 /* ChatMessageCell.swift in Sources */,
				BCA0C4D12A7AC2BF008B51A6 /* ChatBubble.swift in Sources */,
				BCA0C4C92A7ABAA5008B51A6 /* CircularProfileImageView.swift in Sources */,
				BCB8CA632A7BF4110018D301 /* SignInViewModel.swift in Sources */,
				BCEC858B2A7819E200CBDB69 /* InboxView.swift in Sources */,
				BC25CBA32A7C0C8700F306C6 /* NewMessageViewModel.swift in Sources */,
				BC25CB9B2A7C063600F306C6 /* UserService.swift in Sources */,
				BCEC858E2A781BF100CBDB69 /* ActiveNowView.swift in Sources */,
				BCEC859E2A78313400CBDB69 /* ProfileViewModel.swift in Sources */,
				BCA0C4C62A7AB82B008B51A6 /* User.swift in Sources */,
				BCD6CD432A7D4EF100483A3A /* MessageService.swift in Sources */,
				BCEC85722A780D5A00CBDB69 /* ContentView.swift in Sources */,
				BCD6CD412A7D4DF800483A3A /* Message.swift in Sources */,
				BCEC859C2A782D9100CBDB69 /* SettingsOptionsViewModel.swift in Sources */,
				BCEC85702A780D5A00CBDB69 /* MessengerCloneApp.swift in Sources */,
			);
			runOnlyForDeploymentPostprocessing = 0;
		};
/* End PBXSourcesBuildPhase section */

/* Begin XCBuildConfiguration section */
		BCEC85782A780D5B00CBDB69 /* Debug */ = {
			isa = XCBuildConfiguration;
			buildSettings = {
				ALWAYS_SEARCH_USER_PATHS = NO;
				CLANG_ANALYZER_NONNULL = YES;
				CLANG_ANALYZER_NUMBER_OBJECT_CONVERSION = YES_AGGRESSIVE;
				CLANG_CXX_LANGUAGE_STANDARD = "gnu++20";
				CLANG_ENABLE_MODULES = YES;
				CLANG_ENABLE_OBJC_ARC = YES;
				CLANG_ENABLE_OBJC_WEAK = YES;
				CLANG_WARN_BLOCK_CAPTURE_AUTORELEASING = YES;
				CLANG_WARN_BOOL_CONVERSION = YES;
				CLANG_WARN_COMMA = YES;
				CLANG_WARN_CONSTANT_CONVERSION = YES;
				CLANG_WARN_DEPRECATED_OBJC_IMPLEMENTATIONS = YES;
				CLANG_WARN_DIRECT_OBJC_ISA_USAGE = YES_ERROR;
				CLANG_WARN_DOCUMENTATION_COMMENTS = YES;
				CLANG_WARN_EMPTY_BODY = YES;
				CLANG_WARN_ENUM_CONVERSION = YES;
				CLANG_WARN_INFINITE_RECURSION = YES;
				CLANG_WARN_INT_CONVERSION = YES;
				CLANG_WARN_NON_LITERAL_NULL_CONVERSION = YES;
				CLANG_WARN_OBJC_IMPLICIT_RETAIN_SELF = YES;
				CLANG_WARN_OBJC_LITERAL_CONVERSION = YES;
				CLANG_WARN_OBJC_ROOT_CLASS = YES_ERROR;
				CLANG_WARN_QUOTED_INCLUDE_IN_FRAMEWORK_HEADER = YES;
				CLANG_WARN_RANGE_LOOP_ANALYSIS = YES;
				CLANG_WARN_STRICT_PROTOTYPES = YES;
				CLANG_WARN_SUSPICIOUS_MOVE = YES;
				CLANG_WARN_UNGUARDED_AVAILABILITY = YES_AGGRESSIVE;
				CLANG_WARN_UNREACHABLE_CODE = YES;
				CLANG_WARN__DUPLICATE_METHOD_MATCH = YES;
				COPY_PHASE_STRIP = NO;
				DEBUG_INFORMATION_FORMAT = dwarf;
				ENABLE_STRICT_OBJC_MSGSEND = YES;
				ENABLE_TESTABILITY = YES;
				GCC_C_LANGUAGE_STANDARD = gnu11;
				GCC_DYNAMIC_NO_PIC = NO;
				GCC_NO_COMMON_BLOCKS = YES;
				GCC_OPTIMIZATION_LEVEL = 0;
				GCC_PREPROCESSOR_DEFINITIONS = (
					"DEBUG=1",
					"$(inherited)",
				);
				GCC_WARN_64_TO_32_BIT_CONVERSION = YES;
				GCC_WARN_ABOUT_RETURN_TYPE = YES_ERROR;
				GCC_WARN_UNDECLARED_SELECTOR = YES;
				GCC_WARN_UNINITIALIZED_AUTOS = YES_AGGRESSIVE;
				GCC_WARN_UNUSED_FUNCTION = YES;
				GCC_WARN_UNUSED_VARIABLE = YES;
				IPHONEOS_DEPLOYMENT_TARGET = 16.4;
				MTL_ENABLE_DEBUG_INFO = INCLUDE_SOURCE;
				MTL_FAST_MATH = YES;
				ONLY_ACTIVE_ARCH = YES;
				SDKROOT = iphoneos;
				SWIFT_ACTIVE_COMPILATION_CONDITIONS = DEBUG;
				SWIFT_OPTIMIZATION_LEVEL = "-Onone";
			};
			name = Debug;
		};
		BCEC85792A780D5B00CBDB69 /* Release */ = {
			isa = XCBuildConfiguration;
			buildSettings = {
				ALWAYS_SEARCH_USER_PATHS = NO;
				CLANG_ANALYZER_NONNULL = YES;
				CLANG_ANALYZER_NUMBER_OBJECT_CONVERSION = YES_AGGRESSIVE;
				CLANG_CXX_LANGUAGE_STANDARD = "gnu++20";
				CLANG_ENABLE_MODULES = YES;
				CLANG_ENABLE_OBJC_ARC = YES;
				CLANG_ENABLE_OBJC_WEAK = YES;
				CLANG_WARN_BLOCK_CAPTURE_AUTORELEASING = YES;
				CLANG_WARN_BOOL_CONVERSION = YES;
				CLANG_WARN_COMMA = YES;
				CLANG_WARN_CONSTANT_CONVERSION = YES;
				CLANG_WARN_DEPRECATED_OBJC_IMPLEMENTATIONS = YES;
				CLANG_WARN_DIRECT_OBJC_ISA_USAGE = YES_ERROR;
				CLANG_WARN_DOCUMENTATION_COMMENTS = YES;
				CLANG_WARN_EMPTY_BODY = YES;
				CLANG_WARN_ENUM_CONVERSION = YES;
				CLANG_WARN_INFINITE_RECURSION = YES;
				CLANG_WARN_INT_CONVERSION = YES;
				CLANG_WARN_NON_LITERAL_NULL_CONVERSION = YES;
				CLANG_WARN_OBJC_IMPLICIT_RETAIN_SELF = YES;
				CLANG_WARN_OBJC_LITERAL_CONVERSION = YES;
				CLANG_WARN_OBJC_ROOT_CLASS = YES_ERROR;
				CLANG_WARN_QUOTED_INCLUDE_IN_FRAMEWORK_HEADER = YES;
				CLANG_WARN_RANGE_LOOP_ANALYSIS = YES;
				CLANG_WARN_STRICT_PROTOTYPES = YES;
				CLANG_WARN_SUSPICIOUS_MOVE = YES;
				CLANG_WARN_UNGUARDED_AVAILABILITY = YES_AGGRESSIVE;
				CLANG_WARN_UNREACHABLE_CODE = YES;
				CLANG_WARN__DUPLICATE_METHOD_MATCH = YES;
				COPY_PHASE_STRIP = NO;
				DEBUG_INFORMATION_FORMAT = "dwarf-with-dsym";
				ENABLE_NS_ASSERTIONS = NO;
				ENABLE_STRICT_OBJC_MSGSEND = YES;
				GCC_C_LANGUAGE_STANDARD = gnu11;
				GCC_NO_COMMON_BLOCKS = YES;
				GCC_WARN_64_TO_32_BIT_CONVERSION = YES;
				GCC_WARN_ABOUT_RETURN_TYPE = YES_ERROR;
				GCC_WARN_UNDECLARED_SELECTOR = YES;
				GCC_WARN_UNINITIALIZED_AUTOS = YES_AGGRESSIVE;
				GCC_WARN_UNUSED_FUNCTION = YES;
				GCC_WARN_UNUSED_VARIABLE = YES;
				IPHONEOS_DEPLOYMENT_TARGET = 16.4;
				MTL_ENABLE_DEBUG_INFO = NO;
				MTL_FAST_MATH = YES;
				SDKROOT = iphoneos;
				SWIFT_COMPILATION_MODE = wholemodule;
				SWIFT_OPTIMIZATION_LEVEL = "-O";
				VALIDATE_PRODUCT = YES;
			};
			name = Release;
		};
		BCEC857B2A780D5B00CBDB69 /* Debug */ = {
			isa = XCBuildConfiguration;
			buildSettings = {
				ASSETCATALOG_COMPILER_APPICON_NAME = AppIcon;
				ASSETCATALOG_COMPILER_GLOBAL_ACCENT_COLOR_NAME = AccentColor;
				CODE_SIGN_STYLE = Automatic;
				CURRENT_PROJECT_VERSION = 1;
				DEVELOPMENT_ASSET_PATHS = "\"MessengerClone/Preview Content\"";
				DEVELOPMENT_TEAM = G5BSGM35FT;
				ENABLE_PREVIEWS = YES;
				GENERATE_INFOPLIST_FILE = YES;
				INFOPLIST_KEY_UIApplicationSceneManifest_Generation = YES;
				INFOPLIST_KEY_UIApplicationSupportsIndirectInputEvents = YES;
				INFOPLIST_KEY_UILaunchScreen_Generation = YES;
				INFOPLIST_KEY_UISupportedInterfaceOrientations_iPad = "UIInterfaceOrientationPortrait UIInterfaceOrientationPortraitUpsideDown UIInterfaceOrientationLandscapeLeft UIInterfaceOrientationLandscapeRight";
				INFOPLIST_KEY_UISupportedInterfaceOrientations_iPhone = "UIInterfaceOrientationPortrait UIInterfaceOrientationLandscapeLeft UIInterfaceOrientationLandscapeRight";
				LD_RUNPATH_SEARCH_PATHS = (
					"$(inherited)",
					"@executable_path/Frameworks",
				);
				MARKETING_VERSION = 1.0;
				PRODUCT_BUNDLE_IDENTIFIER = com.gytisptasinskas.MessengerClone;
				PRODUCT_NAME = "$(TARGET_NAME)";
				SUPPORTED_PLATFORMS = "iphoneos iphonesimulator";
				SUPPORTS_MACCATALYST = NO;
				SUPPORTS_MAC_DESIGNED_FOR_IPHONE_IPAD = NO;
				SWIFT_EMIT_LOC_STRINGS = YES;
				SWIFT_VERSION = 5.0;
				TARGETED_DEVICE_FAMILY = 1;
			};
			name = Debug;
		};
		BCEC857C2A780D5B00CBDB69 /* Release */ = {
			isa = XCBuildConfiguration;
			buildSettings = {
				ASSETCATALOG_COMPILER_APPICON_NAME = AppIcon;
				ASSETCATALOG_COMPILER_GLOBAL_ACCENT_COLOR_NAME = AccentColor;
				CODE_SIGN_STYLE = Automatic;
				CURRENT_PROJECT_VERSION = 1;
				DEVELOPMENT_ASSET_PATHS = "\"MessengerClone/Preview Content\"";
				DEVELOPMENT_TEAM = G5BSGM35FT;
				ENABLE_PREVIEWS = YES;
				GENERATE_INFOPLIST_FILE = YES;
				INFOPLIST_KEY_UIApplicationSceneManifest_Generation = YES;
				INFOPLIST_KEY_UIApplicationSupportsIndirectInputEvents = YES;
				INFOPLIST_KEY_UILaunchScreen_Generation = YES;
				INFOPLIST_KEY_UISupportedInterfaceOrientations_iPad = "UIInterfaceOrientationPortrait UIInterfaceOrientationPortraitUpsideDown UIInterfaceOrientationLandscapeLeft UIInterfaceOrientationLandscapeRight";
				INFOPLIST_KEY_UISupportedInterfaceOrientations_iPhone = "UIInterfaceOrientationPortrait UIInterfaceOrientationLandscapeLeft UIInterfaceOrientationLandscapeRight";
				LD_RUNPATH_SEARCH_PATHS = (
					"$(inherited)",
					"@executable_path/Frameworks",
				);
				MARKETING_VERSION = 1.0;
				PRODUCT_BUNDLE_IDENTIFIER = com.gytisptasinskas.MessengerClone;
				PRODUCT_NAME = "$(TARGET_NAME)";
				SUPPORTED_PLATFORMS = "iphoneos iphonesimulator";
				SUPPORTS_MACCATALYST = NO;
				SUPPORTS_MAC_DESIGNED_FOR_IPHONE_IPAD = NO;
				SWIFT_EMIT_LOC_STRINGS = YES;
				SWIFT_VERSION = 5.0;
				TARGETED_DEVICE_FAMILY = 1;
			};
			name = Release;
		};
/* End XCBuildConfiguration section */

/* Begin XCConfigurationList section */
		BCEC85672A780D5A00CBDB69 /* Build configuration list for PBXProject "MessengerClone" */ = {
			isa = XCConfigurationList;
			buildConfigurations = (
				BCEC85782A780D5B00CBDB69 /* Debug */,
				BCEC85792A780D5B00CBDB69 /* Release */,
			);
			defaultConfigurationIsVisible = 0;
			defaultConfigurationName = Release;
		};
		BCEC857A2A780D5B00CBDB69 /* Build configuration list for PBXNativeTarget "MessengerClone" */ = {
			isa = XCConfigurationList;
			buildConfigurations = (
				BCEC857B2A780D5B00CBDB69 /* Debug */,
				BCEC857C2A780D5B00CBDB69 /* Release */,
			);
			defaultConfigurationIsVisible = 0;
			defaultConfigurationName = Release;
		};
/* End XCConfigurationList section */

/* Begin XCRemoteSwiftPackageReference section */
		BCB8CA572A7BF3480018D301 /* XCRemoteSwiftPackageReference "firebase-ios-sdk" */ = {
			isa = XCRemoteSwiftPackageReference;
			repositoryURL = "https://github.com/firebase/firebase-ios-sdk";
			requirement = {
				kind = upToNextMajorVersion;
				minimumVersion = 10.0.0;
			};
		};
/* End XCRemoteSwiftPackageReference section */

/* Begin XCSwiftPackageProductDependency section */
		BCB8CA582A7BF3480018D301 /* FirebaseAuth */ = {
			isa = XCSwiftPackageProductDependency;
			package = BCB8CA572A7BF3480018D301 /* XCRemoteSwiftPackageReference "firebase-ios-sdk" */;
			productName = FirebaseAuth;
		};
		BCB8CA5A2A7BF3480018D301 /* FirebaseFirestore */ = {
			isa = XCSwiftPackageProductDependency;
			package = BCB8CA572A7BF3480018D301 /* XCRemoteSwiftPackageReference "firebase-ios-sdk" */;
			productName = FirebaseFirestore;
		};
		BCB8CA5C2A7BF3480018D301 /* FirebaseFirestoreSwift */ = {
			isa = XCSwiftPackageProductDependency;
			package = BCB8CA572A7BF3480018D301 /* XCRemoteSwiftPackageReference "firebase-ios-sdk" */;
			productName = FirebaseFirestoreSwift;
		};
		BCB8CA5E2A7BF3480018D301 /* FirebaseStorage */ = {
			isa = XCSwiftPackageProductDependency;
			package = BCB8CA572A7BF3480018D301 /* XCRemoteSwiftPackageReference "firebase-ios-sdk" */;
			productName = FirebaseStorage;
		};
/* End XCSwiftPackageProductDependency section */
	};
	rootObject = BCEC85642A780D5A00CBDB69 /* Project object */;
}
